
Microsoft Visual Studio Solution File, Format Version 12.00
# Visual Studio 15
VisualStudioVersion = 15.0.28010.2003
MinimumVisualStudioVersion = 10.0.40219.1
Project("{FAE04EC0-301F-11D3-BF4B-00C04F79EFBC}") = "WebApi", "WebApi\WebApi.csproj", "{DF0FF448-9016-4DDB-A0B8-AD896F16C763}"
EndProject
Project("{FAE04EC0-301F-11D3-BF4B-00C04F79EFBC}") = "WebApi.Model", "WebApi.Model\WebApi.Model.csproj", "{F2033675-E02D-4EE0-AC90-559D962AA259}"
EndProject
Project("{FAE04EC0-301F-11D3-BF4B-00C04F79EFBC}") = "WebApi.Common", "WebApi.Common\WebApi.Common.csproj", "{2E2ADB82-148F-420D-B665-3F12B6C11D2A}"
EndProject
Project("{FAE04EC0-301F-11D3-BF4B-00C04F79EFBC}") = "WebApi.BLL", "WebApi.BLL\WebApi.BLL.csproj", "{95BE709D-BE27-4285-ADE9-7D8892F42FCF}"
EndProject
Project("{FAE04EC0-301F-11D3-BF4B-00C04F79EFBC}") = "WebApi.DAL", "WebApi.DAL\WebApi.DAL.csproj", "{A82D37E3-EF4D-4E09-B1FA-CF692A2E612D}"
EndProject
Project("{2150E333-8FDC-42A3-9474-1A3956D46DE8}") = "Api", "Api", "{AE92A4B0-3646-471F-8C50-C2E6436C4FAD}"
EndProject
Project("{2150E333-8FDC-42A3-9474-1A3956D46DE8}") = "TokenKey", "TokenKey", "{C3303A40-74DD-4CD5-BC19-6FE76698FF46}"
EndProject
Project("{FAE04EC0-301F-11D3-BF4B-00C04F79EFBC}") = "Token", "Token\Token.csproj", "{1CA061FD-C29B-41C3-9A31-42083764B75E}"
EndProject
Project("{FAE04EC0-301F-11D3-BF4B-00C04F79EFBC}") = "AutofacMapper", "AutofacMapper\AutofacMapper.csproj", "{4DF58916-4B3C-42AD-A14D-F9B92ECDD00B}"
EndProject
Global
	GlobalSection(SolutionConfigurationPlatforms) = preSolution
		Debug|Any CPU = Debug|Any CPU
		Release|Any CPU = Release|Any CPU
	EndGlobalSection
	GlobalSection(ProjectConfigurationPlatforms) = postSolution
		{DF0FF448-9016-4DDB-A0B8-AD896F16C763}.Debug|Any CPU.ActiveCfg = Debug|Any CPU
		{DF0FF448-9016-4DDB-A0B8-AD896F16C763}.Debug|Any CPU.Build.0 = Debug|Any CPU
		{DF0FF448-9016-4DDB-A0B8-AD896F16C763}.Release|Any CPU.ActiveCfg = Release|Any CPU
		{DF0FF448-9016-4DDB-A0B8-AD896F16C763}.Release|Any CPU.Build.0 = Release|Any CPU
		{F2033675-E02D-4EE0-AC90-559D962AA259}.Debug|Any CPU.ActiveCfg = Debug|Any CPU
		{F2033675-E02D-4EE0-AC90-559D962AA259}.Debug|Any CPU.Build.0 = Debug|Any CPU
		{F2033675-E02D-4EE0-AC90-559D962AA259}.Release|Any CPU.ActiveCfg = Release|Any CPU
		{F2033675-E02D-4EE0-AC90-559D962AA259}.Release|Any CPU.Build.0 = Release|Any CPU
		{2E2ADB82-148F-420D-B665-3F12B6C11D2A}.Debug|Any CPU.ActiveCfg = Debug|Any CPU
		{2E2ADB82-148F-420D-B665-3F12B6C11D2A}.Debug|Any CPU.Build.0 = Debug|Any CPU
		{2E2ADB82-148F-420D-B665-3F12B6C11D2A}.Release|Any CPU.ActiveCfg = Release|Any CPU
		{2E2ADB82-148F-420D-B665-3F12B6C11D2A}.Release|Any CPU.Build.0 = Release|Any CPU
		{95BE709D-BE27-4285-ADE9-7D8892F42FCF}.Debug|Any CPU.ActiveCfg = Debug|Any CPU
		{95BE709D-BE27-4285-ADE9-7D8892F42FCF}.Debug|Any CPU.Build.0 = Debug|Any CPU
		{95BE709D-BE27-4285-ADE9-7D8892F42FCF}.Release|Any CPU.ActiveCfg = Release|Any CPU
		{95BE709D-BE27-4285-ADE9-7D8892F42FCF}.Release|Any CPU.Build.0 = Release|Any CPU
		{A82D37E3-EF4D-4E09-B1FA-CF692A2E612D}.Debug|Any CPU.ActiveCfg = Debug|Any CPU
		{A82D37E3-EF4D-4E09-B1FA-CF692A2E612D}.Debug|Any CPU.Build.0 = Debug|Any CPU
		{A82D37E3-EF4D-4E09-B1FA-CF692A2E612D}.Release|Any CPU.ActiveCfg = Release|Any CPU
		{A82D37E3-EF4D-4E09-B1FA-CF692A2E612D}.Release|Any CPU.Build.0 = Release|Any CPU
		{1CA061FD-C29B-41C3-9A31-42083764B75E}.Debug|Any CPU.ActiveCfg = Debug|Any CPU
		{1CA061FD-C29B-41C3-9A31-42083764B75E}.Debug|Any CPU.Build.0 = Debug|Any CPU
		{1CA061FD-C29B-41C3-9A31-42083764B75E}.Release|Any CPU.ActiveCfg = Release|Any CPU
		{1CA061FD-C29B-41C3-9A31-42083764B75E}.Release|Any CPU.Build.0 = Release|Any CPU
		{4DF58916-4B3C-42AD-A14D-F9B92ECDD00B}.Debug|Any CPU.ActiveCfg = Debug|Any CPU
		{4DF58916-4B3C-42AD-A14D-F9B92ECDD00B}.Debug|Any CPU.Build.0 = Debug|Any CPU
		{4DF58916-4B3C-42AD-A14D-F9B92ECDD00B}.Release|Any CPU.ActiveCfg = Release|Any CPU
		{4DF58916-4B3C-42AD-A14D-F9B92ECDD00B}.Release|Any CPU.Build.0 = Release|Any CPU
	EndGlobalSection
	GlobalSection(SolutionProperties) = preSolution
		HideSolutionNode = FALSE
	EndGlobalSection
	GlobalSection(NestedProjects) = preSolution
		{DF0FF448-9016-4DDB-A0B8-AD896F16C763} = {AE92A4B0-3646-471F-8C50-C2E6436C4FAD}
		{F2033675-E02D-4EE0-AC90-559D962AA259} = {AE92A4B0-3646-471F-8C50-C2E6436C4FAD}
		{2E2ADB82-148F-420D-B665-3F12B6C11D2A} = {AE92A4B0-3646-471F-8C50-C2E6436C4FAD}
		{95BE709D-BE27-4285-ADE9-7D8892F42FCF} = {AE92A4B0-3646-471F-8C50-C2E6436C4FAD}
		{A82D37E3-EF4D-4E09-B1FA-CF692A2E612D} = {AE92A4B0-3646-471F-8C50-C2E6436C4FAD}
		{1CA061FD-C29B-41C3-9A31-42083764B75E} = {C3303A40-74DD-4CD5-BC19-6FE76698FF46}
	EndGlobalSection
	GlobalSection(ExtensibilityGlobals) = postSolution
		SolutionGuid = {A170B8EC-362B-4A75-910B-4786CAAC9B24}
	EndGlobalSection
EndGlobal
